
Microsoft Visual Studio Solution File, Format Version 12.00
# Visual Studio Version 17
VisualStudioVersion = 17.14.36616.10
MinimumVisualStudioVersion = 10.0.40219.1
Project("{FAE04EC0-301F-11D3-BF4B-00C04F79EFBC}") = "BitzArt.Blazor.Auth.SampleApp", "BitzArt.Blazor.Auth.SampleApp\BitzArt.Blazor.Auth.SampleApp.csproj", "{66F509E2-4D5E-059C-58E4-AEB2121BBD2B}"
EndProject
Project("{FAE04EC0-301F-11D3-BF4B-00C04F79EFBC}") = "BitzArt.Blazor.Auth.SampleApp.Client", "BitzArt.Blazor.Auth.SampleApp.Client\BitzArt.Blazor.Auth.SampleApp.Client.csproj", "{0887C647-C537-A019-577F-45809870A2E0}"
EndProject
Project("{FAE04EC0-301F-11D3-BF4B-00C04F79EFBC}") = "BitzArt.Blazor.Auth.SampleApp.Shared", "BitzArt.Blazor.Auth.SampleApp.Shared\BitzArt.Blazor.Auth.SampleApp.Shared.csproj", "{D51D6781-2CFE-C8FD-7E7F-75B92C9364CE}"
EndProject
Global
	GlobalSection(SolutionConfigurationPlatforms) = preSolution
		Debug|Any CPU = Debug|Any CPU
		Release|Any CPU = Release|Any CPU
	EndGlobalSection
	GlobalSection(ProjectConfigurationPlatforms) = postSolution
		{66F509E2-4D5E-059C-58E4-AEB2121BBD2B}.Debug|Any CPU.ActiveCfg = Debug|Any CPU
		{66F509E2-4D5E-059C-58E4-AEB2121BBD2B}.Debug|Any CPU.Build.0 = Debug|Any CPU
		{66F509E2-4D5E-059C-58E4-AEB2121BBD2B}.Release|Any CPU.ActiveCfg = Release|Any CPU
		{66F509E2-4D5E-059C-58E4-AEB2121BBD2B}.Release|Any CPU.Build.0 = Release|Any CPU
		{0887C647-C537-A019-577F-45809870A2E0}.Debug|Any CPU.ActiveCfg = Debug|Any CPU
		{0887C647-C537-A019-577F-45809870A2E0}.Debug|Any CPU.Build.0 = Debug|Any CPU
		{0887C647-C537-A019-577F-45809870A2E0}.Release|Any CPU.ActiveCfg = Release|Any CPU
		{0887C647-C537-A019-577F-45809870A2E0}.Release|Any CPU.Build.0 = Release|Any CPU
		{D51D6781-2CFE-C8FD-7E7F-75B92C9364CE}.Debug|Any CPU.ActiveCfg = Debug|Any CPU
		{D51D6781-2CFE-C8FD-7E7F-75B92C9364CE}.Debug|Any CPU.Build.0 = Debug|Any CPU
		{D51D6781-2CFE-C8FD-7E7F-75B92C9364CE}.Release|Any CPU.ActiveCfg = Release|Any CPU
		{D51D6781-2CFE-C8FD-7E7F-75B92C9364CE}.Release|Any CPU.Build.0 = Release|Any CPU
	EndGlobalSection
	GlobalSection(SolutionProperties) = preSolution
		HideSolutionNode = FALSE
	EndGlobalSection
	GlobalSection(ExtensibilityGlobals) = postSolution
		SolutionGuid = {1C370C42-10EB-450A-84BC-3AC4D42DADF7}
	EndGlobalSection
EndGlobal
